
Microsoft Visual Studio Solution File, Format Version 12.00
# Visual Studio 14
VisualStudioVersion = 14.0.25420.1
MinimumVisualStudioVersion = 10.0.40219.1
Project("{9092AA53-FB77-4645-B42D-1CCCA6BD08BD}") = "TutorialNodeSql2", "TutorialNodeSql2\TutorialNodeSql2.njsproj", "{D3CCC982-69BE-476E-8331-F5B5121794CA}"
EndProject
Global
	GlobalSection(SolutionConfigurationPlatforms) = preSolution
		Debug|Any CPU = Debug|Any CPU
		Release|Any CPU = Release|Any CPU
	EndGlobalSection
	GlobalSection(ProjectConfigurationPlatforms) = postSolution
		{D3CCC982-69BE-476E-8331-F5B5121794CA}.Debug|Any CPU.ActiveCfg = Debug|Any CPU
		{D3CCC982-69BE-476E-8331-F5B5121794CA}.Debug|Any CPU.Build.0 = Debug|Any CPU
		{D3CCC982-69BE-476E-8331-F5B5121794CA}.Release|Any CPU.ActiveCfg = Release|Any CPU
		{D3CCC982-69BE-476E-8331-F5B5121794CA}.Release|Any CPU.Build.0 = Release|Any CPU
	EndGlobalSection
	GlobalSection(SolutionProperties) = preSolution
		HideSolutionNode = FALSE
	EndGlobalSection
EndGlobal
